
Microsoft Visual Studio Solution File, Format Version 12.00
# Visual Studio Version 16
VisualStudioVersion = 16.0.31005.135
MinimumVisualStudioVersion = 10.0.40219.1
Project("{FAE04EC0-301F-11D3-BF4B-00C04F79EFBC}") = "PersonToquen", "PersonToquen\PersonToquen.csproj", "{0657FED1-5AAF-4FB7-8A42-D77E4FF7F5F9}"
EndProject
Global
	GlobalSection(SolutionConfigurationPlatforms) = preSolution
		Debug|Any CPU = Debug|Any CPU
		Release|Any CPU = Release|Any CPU
	EndGlobalSection
	GlobalSection(ProjectConfigurationPlatforms) = postSolution
		{0657FED1-5AAF-4FB7-8A42-D77E4FF7F5F9}.Debug|Any CPU.ActiveCfg = Debug|Any CPU
		{0657FED1-5AAF-4FB7-8A42-D77E4FF7F5F9}.Debug|Any CPU.Build.0 = Debug|Any CPU
		{0657FED1-5AAF-4FB7-8A42-D77E4FF7F5F9}.Release|Any CPU.ActiveCfg = Release|Any CPU
		{0657FED1-5AAF-4FB7-8A42-D77E4FF7F5F9}.Release|Any CPU.Build.0 = Release|Any CPU
	EndGlobalSection
	GlobalSection(SolutionProperties) = preSolution
		HideSolutionNode = FALSE
	EndGlobalSection
	GlobalSection(ExtensibilityGlobals) = postSolution
		SolutionGuid = {97F6BDF7-B846-4DB9-B468-41C222AC12BB}
	EndGlobalSection
EndGlobal
